github.com/kr/fs v0.0.0-20131111012553-2788f0dbd169/go.mod h1:glhvuHOU9Hy7/8PwwdtnarXqLagOX0b/TbZx2zLMqEg=
golang.org/x/sys v0.0.0-20180406135729-3b87a42e500a/go.mod h1:STP8DvDyc/dI5b8T5hshtkjS+E42TnysNCUPdjciGhY=
gopkg.in/fsnotify/fsnotify.v1 v1.4.7/go.mod h1:Fyux9zXlo4rWoMSIzpn9fDAYjalPqJ/K1qJ27s+7ltE=
